
Microsoft Visual Studio Solution File, Format Version 12.00
# Visual Studio Version 16
VisualStudioVersion = 16.0.33927.289
MinimumVisualStudioVersion = 10.0.40219.1
Project("{FAE04EC0-301F-11D3-BF4B-00C04F79EFBC}") = "Utilities", "Utilities\Utilities.csproj", "{0119354A-F18D-40CD-A722-8177B8089C5E}"
EndProject
Project("{FAE04EC0-301F-11D3-BF4B-00C04F79EFBC}") = "CTWebsite", "CTWebsite\CTWebsite.csproj", "{91471250-04FD-4B20-BAB6-5AF6903B69CF}"
	ProjectSection(ProjectDependencies) = postProject
		{E95EB7C3-7E95-4CE3-BECE-4E6A10A5F27C} = {E95EB7C3-7E95-4CE3-BECE-4E6A10A5F27C}
	EndProjectSection
EndProject
Project("{FAE04EC0-301F-11D3-BF4B-00C04F79EFBC}") = "AutomationTestEngine", "AutomationTestEngine\AutomationTestEngine.csproj", "{C6B45F8F-1187-4280-93C9-C6AAC44B8769}"
EndProject
Project("{FAE04EC0-301F-11D3-BF4B-00C04F79EFBC}") = "CTInfrastructure", "CTInfrastructure\CTInfrastructure.csproj", "{E95EB7C3-7E95-4CE3-BECE-4E6A10A5F27C}"
EndProject
Project("{2150E333-8FDC-42A3-9474-1A3956D46DE8}") = "Test Scripts", "Test Scripts", "{67DC78B3-6CE3-45F6-B48D-3FD696C716AB}"
	ProjectSection(SolutionItems) = preProject
		..\..\SeleniumServer\WebDriver.chm = ..\..\SeleniumServer\WebDriver.chm
	EndProjectSection
EndProject
Project("{FAE04EC0-301F-11D3-BF4B-00C04F79EFBC}") = "Example_TestScripts", "Test Scripts\Example_TestCases\Example_TestScripts.csproj", "{8E266235-DCC5-43F4-9BEA-6104B9FE446E}"
EndProject
Project("{FAE04EC0-301F-11D3-BF4B-00C04F79EFBC}") = "SwdPageRecorder.ConfigurationFiles", "D:\New Download\swd-recorder-3.13.0.2018.06.28\swd-recorder-3.13.0.2018.06.28\SwdPageRecorder\SwdPageRecorder.ConfigurationFiles\SwdPageRecorder.ConfigurationFiles.csproj", "{A9A9D8B2-AE30-4A93-B2D0-0FD26E18E1C0}"
EndProject
Project("{FAE04EC0-301F-11D3-BF4B-00C04F79EFBC}") = "SwdPageRecorder.ConfigurationManagement", "D:\New Download\swd-recorder-3.13.0.2018.06.28\swd-recorder-3.13.0.2018.06.28\SwdPageRecorder\SwdPageRecorder.ConfigurationManagement\SwdPageRecorder.ConfigurationManagement.csproj", "{29848A98-3381-4D64-A613-D3B73ADAA4FA}"
EndProject
Project("{FAE04EC0-301F-11D3-BF4B-00C04F79EFBC}") = "SwdPageRecorder.TestModel", "D:\New Download\swd-recorder-3.13.0.2018.06.28\swd-recorder-3.13.0.2018.06.28\SwdPageRecorder\SwdPageRecorder.TestModel\SwdPageRecorder.TestModel.csproj", "{CF660034-7A02-4800-A232-2C2B8F670A83}"
EndProject
Project("{FAE04EC0-301F-11D3-BF4B-00C04F79EFBC}") = "SwdPageRecorder.Tests", "D:\New Download\swd-recorder-3.13.0.2018.06.28\swd-recorder-3.13.0.2018.06.28\SwdPageRecorder\SwdPageRecorder.Tests\SwdPageRecorder.Tests.csproj", "{DBDB1761-5B74-4D2D-A240-381CFB0D05EF}"
EndProject
Project("{FAE04EC0-301F-11D3-BF4B-00C04F79EFBC}") = "SwdPageRecorder.UI", "D:\New Download\swd-recorder-3.13.0.2018.06.28\swd-recorder-3.13.0.2018.06.28\SwdPageRecorder\SwdPageRecorder.UI\SwdPageRecorder.UI.csproj", "{F0246C75-182B-4305-8649-C9185BF886E1}"
EndProject
Project("{FAE04EC0-301F-11D3-BF4B-00C04F79EFBC}") = "CTWebsite.WebDriver", "D:\New Download\swd-recorder-3.13.0.2018.06.28\swd-recorder-3.13.0.2018.06.28\SwdPageRecorder\SwdPageRecorder.WebDriver\CTWebsite.WebDriver.csproj", "{DC2EC3C9-DC4F-430A-BBA7-7F04B9C215EB}"
EndProject
Global
	GlobalSection(SolutionConfigurationPlatforms) = preSolution
		Debug|Any CPU = Debug|Any CPU
		Debug|Mixed Platforms = Debug|Mixed Platforms
		Debug|x86 = Debug|x86
		Local|Any CPU = Local|Any CPU
		Local|Mixed Platforms = Local|Mixed Platforms
		Local|x86 = Local|x86
		Production|Any CPU = Production|Any CPU
		Production|Mixed Platforms = Production|Mixed Platforms
		Production|x86 = Production|x86
		Release|Any CPU = Release|Any CPU
		Release|Mixed Platforms = Release|Mixed Platforms
		Release|x86 = Release|x86
		Stage|Any CPU = Stage|Any CPU
		Stage|Mixed Platforms = Stage|Mixed Platforms
		Stage|x86 = Stage|x86
	EndGlobalSection
	GlobalSection(ProjectConfigurationPlatforms) = postSolution
		{0119354A-F18D-40CD-A722-8177B8089C5E}.Debug|Any CPU.ActiveCfg = Stage|Any CPU
		{0119354A-F18D-40CD-A722-8177B8089C5E}.Debug|Any CPU.Build.0 = Stage|Any CPU
		{0119354A-F18D-40CD-A722-8177B8089C5E}.Debug|Mixed Platforms.ActiveCfg = Stage|x86
		{0119354A-F18D-40CD-A722-8177B8089C5E}.Debug|Mixed Platforms.Build.0 = Stage|x86
		{0119354A-F18D-40CD-A722-8177B8089C5E}.Debug|x86.ActiveCfg = Stage|x86
		{0119354A-F18D-40CD-A722-8177B8089C5E}.Debug|x86.Build.0 = Stage|x86
		{0119354A-F18D-40CD-A722-8177B8089C5E}.Local|Any CPU.ActiveCfg = Local|x86
		{0119354A-F18D-40CD-A722-8177B8089C5E}.Local|Any CPU.Build.0 = Local|x86
		{0119354A-F18D-40CD-A722-8177B8089C5E}.Local|Mixed Platforms.ActiveCfg = Local|x86
		{0119354A-F18D-40CD-A722-8177B8089C5E}.Local|Mixed Platforms.Build.0 = Local|x86
		{0119354A-F18D-40CD-A722-8177B8089C5E}.Local|x86.ActiveCfg = Local|x86
		{0119354A-F18D-40CD-A722-8177B8089C5E}.Local|x86.Build.0 = Local|x86
		{0119354A-F18D-40CD-A722-8177B8089C5E}.Production|Any CPU.ActiveCfg = Production|Any CPU
		{0119354A-F18D-40CD-A722-8177B8089C5E}.Production|Any CPU.Build.0 = Production|Any CPU
		{0119354A-F18D-40CD-A722-8177B8089C5E}.Production|Mixed Platforms.ActiveCfg = Production|x86
		{0119354A-F18D-40CD-A722-8177B8089C5E}.Production|Mixed Platforms.Build.0 = Production|x86
		{0119354A-F18D-40CD-A722-8177B8089C5E}.Production|x86.ActiveCfg = Production|x86
		{0119354A-F18D-40CD-A722-8177B8089C5E}.Production|x86.Build.0 = Production|x86
		{0119354A-F18D-40CD-A722-8177B8089C5E}.Release|Any CPU.ActiveCfg = Local|x86
		{0119354A-F18D-40CD-A722-8177B8089C5E}.Release|Any CPU.Build.0 = Local|x86
		{0119354A-F18D-40CD-A722-8177B8089C5E}.Release|Mixed Platforms.ActiveCfg = Stage|x86
		{0119354A-F18D-40CD-A722-8177B8089C5E}.Release|Mixed Platforms.Build.0 = Stage|x86
		{0119354A-F18D-40CD-A722-8177B8089C5E}.Release|x86.ActiveCfg = Stage|x86
		{0119354A-F18D-40CD-A722-8177B8089C5E}.Release|x86.Build.0 = Stage|x86
		{0119354A-F18D-40CD-A722-8177B8089C5E}.Stage|Any CPU.ActiveCfg = Stage|x86
		{0119354A-F18D-40CD-A722-8177B8089C5E}.Stage|Any CPU.Build.0 = Stage|x86
		{0119354A-F18D-40CD-A722-8177B8089C5E}.Stage|Mixed Platforms.ActiveCfg = Stage|x86
		{0119354A-F18D-40CD-A722-8177B8089C5E}.Stage|Mixed Platforms.Build.0 = Stage|x86
		{0119354A-F18D-40CD-A722-8177B8089C5E}.Stage|x86.ActiveCfg = Stage|x86
		{0119354A-F18D-40CD-A722-8177B8089C5E}.Stage|x86.Build.0 = Stage|x86
		{91471250-04FD-4B20-BAB6-5AF6903B69CF}.Debug|Any CPU.ActiveCfg = Production|Any CPU
		{91471250-04FD-4B20-BAB6-5AF6903B69CF}.Debug|Any CPU.Build.0 = Production|Any CPU
		{91471250-04FD-4B20-BAB6-5AF6903B69CF}.Debug|Mixed Platforms.ActiveCfg = Stage|x86
		{91471250-04FD-4B20-BAB6-5AF6903B69CF}.Debug|Mixed Platforms.Build.0 = Stage|x86
		{91471250-04FD-4B20-BAB6-5AF6903B69CF}.Debug|x86.ActiveCfg = Stage|x86
		{91471250-04FD-4B20-BAB6-5AF6903B69CF}.Debug|x86.Build.0 = Stage|x86
		{91471250-04FD-4B20-BAB6-5AF6903B69CF}.Local|Any CPU.ActiveCfg = Local|x86
		{91471250-04FD-4B20-BAB6-5AF6903B69CF}.Local|Any CPU.Build.0 = Local|x86
		{91471250-04FD-4B20-BAB6-5AF6903B69CF}.Local|Mixed Platforms.ActiveCfg = Local|x86
		{91471250-04FD-4B20-BAB6-5AF6903B69CF}.Local|Mixed Platforms.Build.0 = Local|x86
		{91471250-04FD-4B20-BAB6-5AF6903B69CF}.Local|x86.ActiveCfg = Local|x86
		{91471250-04FD-4B20-BAB6-5AF6903B69CF}.Local|x86.Build.0 = Local|x86
		{91471250-04FD-4B20-BAB6-5AF6903B69CF}.Production|Any CPU.ActiveCfg = Production|x86
		{91471250-04FD-4B20-BAB6-5AF6903B69CF}.Production|Any CPU.Build.0 = Production|x86
		{91471250-04FD-4B20-BAB6-5AF6903B69CF}.Production|Mixed Platforms.ActiveCfg = Production|x86
		{91471250-04FD-4B20-BAB6-5AF6903B69CF}.Production|Mixed Platforms.Build.0 = Production|x86
		{91471250-04FD-4B20-BAB6-5AF6903B69CF}.Production|x86.ActiveCfg = Production|x86
		{91471250-04FD-4B20-BAB6-5AF6903B69CF}.Production|x86.Build.0 = Production|x86
		{91471250-04FD-4B20-BAB6-5AF6903B69CF}.Release|Any CPU.ActiveCfg = Local|x86
		{91471250-04FD-4B20-BAB6-5AF6903B69CF}.Release|Any CPU.Build.0 = Local|x86
		{91471250-04FD-4B20-BAB6-5AF6903B69CF}.Release|Mixed Platforms.ActiveCfg = Stage|x86
		{91471250-04FD-4B20-BAB6-5AF6903B69CF}.Release|Mixed Platforms.Build.0 = Stage|x86
		{91471250-04FD-4B20-BAB6-5AF6903B69CF}.Release|x86.ActiveCfg = Stage|x86
		{91471250-04FD-4B20-BAB6-5AF6903B69CF}.Release|x86.Build.0 = Stage|x86
		{91471250-04FD-4B20-BAB6-5AF6903B69CF}.Stage|Any CPU.ActiveCfg = Stage|x86
		{91471250-04FD-4B20-BAB6-5AF6903B69CF}.Stage|Any CPU.Build.0 = Stage|x86
		{91471250-04FD-4B20-BAB6-5AF6903B69CF}.Stage|Mixed Platforms.ActiveCfg = Stage|x86
		{91471250-04FD-4B20-BAB6-5AF6903B69CF}.Stage|Mixed Platforms.Build.0 = Stage|x86
		{91471250-04FD-4B20-BAB6-5AF6903B69CF}.Stage|x86.ActiveCfg = Stage|x86
		{91471250-04FD-4B20-BAB6-5AF6903B69CF}.Stage|x86.Build.0 = Stage|x86
		{C6B45F8F-1187-4280-93C9-C6AAC44B8769}.Debug|Any CPU.ActiveCfg = Production|Any CPU
		{C6B45F8F-1187-4280-93C9-C6AAC44B8769}.Debug|Any CPU.Build.0 = Production|Any CPU
		{C6B45F8F-1187-4280-93C9-C6AAC44B8769}.Debug|Mixed Platforms.ActiveCfg = Stage|x86
		{C6B45F8F-1187-4280-93C9-C6AAC44B8769}.Debug|Mixed Platforms.Build.0 = Stage|x86
		{C6B45F8F-1187-4280-93C9-C6AAC44B8769}.Debug|x86.ActiveCfg = Stage|x86
		{C6B45F8F-1187-4280-93C9-C6AAC44B8769}.Debug|x86.Build.0 = Stage|x86
		{C6B45F8F-1187-4280-93C9-C6AAC44B8769}.Local|Any CPU.ActiveCfg = Local|x86
		{C6B45F8F-1187-4280-93C9-C6AAC44B8769}.Local|Any CPU.Build.0 = Local|x86
		{C6B45F8F-1187-4280-93C9-C6AAC44B8769}.Local|Mixed Platforms.ActiveCfg = Local|x86
		{C6B45F8F-1187-4280-93C9-C6AAC44B8769}.Local|Mixed Platforms.Build.0 = Local|x86
		{C6B45F8F-1187-4280-93C9-C6AAC44B8769}.Local|x86.ActiveCfg = Local|x86
		{C6B45F8F-1187-4280-93C9-C6AAC44B8769}.Local|x86.Build.0 = Local|x86
		{C6B45F8F-1187-4280-93C9-C6AAC44B8769}.Production|Any CPU.ActiveCfg = Production|x86
		{C6B45F8F-1187-4280-93C9-C6AAC44B8769}.Production|Any CPU.Build.0 = Production|x86
		{C6B45F8F-1187-4280-93C9-C6AAC44B8769}.Production|Mixed Platforms.ActiveCfg = Production|x86
		{C6B45F8F-1187-4280-93C9-C6AAC44B8769}.Production|Mixed Platforms.Build.0 = Production|x86
		{C6B45F8F-1187-4280-93C9-C6AAC44B8769}.Production|x86.ActiveCfg = Production|x86
		{C6B45F8F-1187-4280-93C9-C6AAC44B8769}.Production|x86.Build.0 = Production|x86
		{C6B45F8F-1187-4280-93C9-C6AAC44B8769}.Release|Any CPU.ActiveCfg = Local|x86
		{C6B45F8F-1187-4280-93C9-C6AAC44B8769}.Release|Any CPU.Build.0 = Local|x86
		{C6B45F8F-1187-4280-93C9-C6AAC44B8769}.Release|Mixed Platforms.ActiveCfg = Stage|x86
		{C6B45F8F-1187-4280-93C9-C6AAC44B8769}.Release|Mixed Platforms.Build.0 = Stage|x86
		{C6B45F8F-1187-4280-93C9-C6AAC44B8769}.Release|x86.ActiveCfg = Stage|x86
		{C6B45F8F-1187-4280-93C9-C6AAC44B8769}.Release|x86.Build.0 = Stage|x86
		{C6B45F8F-1187-4280-93C9-C6AAC44B8769}.Stage|Any CPU.ActiveCfg = Stage|x86
		{C6B45F8F-1187-4280-93C9-C6AAC44B8769}.Stage|Any CPU.Build.0 = Stage|x86
		{C6B45F8F-1187-4280-93C9-C6AAC44B8769}.Stage|Any CPU.Deploy.0 = Stage|x86
		{C6B45F8F-1187-4280-93C9-C6AAC44B8769}.Stage|Mixed Platforms.ActiveCfg = Stage|x86
		{C6B45F8F-1187-4280-93C9-C6AAC44B8769}.Stage|Mixed Platforms.Build.0 = Stage|x86
		{C6B45F8F-1187-4280-93C9-C6AAC44B8769}.Stage|Mixed Platforms.Deploy.0 = Stage|x86
		{C6B45F8F-1187-4280-93C9-C6AAC44B8769}.Stage|x86.ActiveCfg = Stage|x86
		{C6B45F8F-1187-4280-93C9-C6AAC44B8769}.Stage|x86.Build.0 = Stage|x86
		{E95EB7C3-7E95-4CE3-BECE-4E6A10A5F27C}.Debug|Any CPU.ActiveCfg = Stage|Any CPU
		{E95EB7C3-7E95-4CE3-BECE-4E6A10A5F27C}.Debug|Any CPU.Build.0 = Stage|Any CPU
		{E95EB7C3-7E95-4CE3-BECE-4E6A10A5F27C}.Debug|Mixed Platforms.ActiveCfg = Stage|x86
		{E95EB7C3-7E95-4CE3-BECE-4E6A10A5F27C}.Debug|Mixed Platforms.Build.0 = Stage|x86
		{E95EB7C3-7E95-4CE3-BECE-4E6A10A5F27C}.Debug|x86.ActiveCfg = Stage|x86
		{E95EB7C3-7E95-4CE3-BECE-4E6A10A5F27C}.Debug|x86.Build.0 = Stage|x86
		{E95EB7C3-7E95-4CE3-BECE-4E6A10A5F27C}.Local|Any CPU.ActiveCfg = Local|x86
		{E95EB7C3-7E95-4CE3-BECE-4E6A10A5F27C}.Local|Any CPU.Build.0 = Local|x86
		{E95EB7C3-7E95-4CE3-BECE-4E6A10A5F27C}.Local|Mixed Platforms.ActiveCfg = Local|x86
		{E95EB7C3-7E95-4CE3-BECE-4E6A10A5F27C}.Local|Mixed Platforms.Build.0 = Local|x86
		{E95EB7C3-7E95-4CE3-BECE-4E6A10A5F27C}.Local|x86.ActiveCfg = Local|x86
		{E95EB7C3-7E95-4CE3-BECE-4E6A10A5F27C}.Local|x86.Build.0 = Local|x86
		{E95EB7C3-7E95-4CE3-BECE-4E6A10A5F27C}.Production|Any CPU.ActiveCfg = Production|Any CPU
		{E95EB7C3-7E95-4CE3-BECE-4E6A10A5F27C}.Production|Any CPU.Build.0 = Production|Any CPU
		{E95EB7C3-7E95-4CE3-BECE-4E6A10A5F27C}.Production|Mixed Platforms.ActiveCfg = Production|x86
		{E95EB7C3-7E95-4CE3-BECE-4E6A10A5F27C}.Production|Mixed Platforms.Build.0 = Production|x86
		{E95EB7C3-7E95-4CE3-BECE-4E6A10A5F27C}.Production|x86.ActiveCfg = Production|x86
		{E95EB7C3-7E95-4CE3-BECE-4E6A10A5F27C}.Production|x86.Build.0 = Production|x86
		{E95EB7C3-7E95-4CE3-BECE-4E6A10A5F27C}.Release|Any CPU.ActiveCfg = Local|x86
		{E95EB7C3-7E95-4CE3-BECE-4E6A10A5F27C}.Release|Any CPU.Build.0 = Local|x86
		{E95EB7C3-7E95-4CE3-BECE-4E6A10A5F27C}.Release|Mixed Platforms.ActiveCfg = Stage|x86
		{E95EB7C3-7E95-4CE3-BECE-4E6A10A5F27C}.Release|Mixed Platforms.Build.0 = Stage|x86
		{E95EB7C3-7E95-4CE3-BECE-4E6A10A5F27C}.Release|x86.ActiveCfg = Stage|x86
		{E95EB7C3-7E95-4CE3-BECE-4E6A10A5F27C}.Release|x86.Build.0 = Stage|x86
		{E95EB7C3-7E95-4CE3-BECE-4E6A10A5F27C}.Stage|Any CPU.ActiveCfg = Stage|x86
		{E95EB7C3-7E95-4CE3-BECE-4E6A10A5F27C}.Stage|Any CPU.Build.0 = Stage|x86
		{E95EB7C3-7E95-4CE3-BECE-4E6A10A5F27C}.Stage|Mixed Platforms.ActiveCfg = Stage|x86
		{E95EB7C3-7E95-4CE3-BECE-4E6A10A5F27C}.Stage|Mixed Platforms.Build.0 = Stage|x86
		{E95EB7C3-7E95-4CE3-BECE-4E6A10A5F27C}.Stage|x86.ActiveCfg = Stage|x86
		{E95EB7C3-7E95-4CE3-BECE-4E6A10A5F27C}.Stage|x86.Build.0 = Stage|x86
		{8E266235-DCC5-43F4-9BEA-6104B9FE446E}.Debug|Any CPU.ActiveCfg = Debug|Any CPU
		{8E266235-DCC5-43F4-9BEA-6104B9FE446E}.Debug|Any CPU.Build.0 = Debug|Any CPU
		{8E266235-DCC5-43F4-9BEA-6104B9FE446E}.Debug|Mixed Platforms.ActiveCfg = Debug|x86
		{8E266235-DCC5-43F4-9BEA-6104B9FE446E}.Debug|Mixed Platforms.Build.0 = Debug|x86
		{8E266235-DCC5-43F4-9BEA-6104B9FE446E}.Debug|x86.ActiveCfg = Debug|x86
		{8E266235-DCC5-43F4-9BEA-6104B9FE446E}.Debug|x86.Build.0 = Debug|x86
		{8E266235-DCC5-43F4-9BEA-6104B9FE446E}.Local|Any CPU.ActiveCfg = Local|x86
		{8E266235-DCC5-43F4-9BEA-6104B9FE446E}.Local|Any CPU.Build.0 = Local|x86
		{8E266235-DCC5-43F4-9BEA-6104B9FE446E}.Local|Mixed Platforms.ActiveCfg = Local|x86
		{8E266235-DCC5-43F4-9BEA-6104B9FE446E}.Local|Mixed Platforms.Build.0 = Local|x86
		{8E266235-DCC5-43F4-9BEA-6104B9FE446E}.Local|x86.ActiveCfg = Local|x86
		{8E266235-DCC5-43F4-9BEA-6104B9FE446E}.Local|x86.Build.0 = Local|x86
		{8E266235-DCC5-43F4-9BEA-6104B9FE446E}.Production|Any CPU.ActiveCfg = Production|Any CPU
		{8E266235-DCC5-43F4-9BEA-6104B9FE446E}.Production|Any CPU.Build.0 = Production|Any CPU
		{8E266235-DCC5-43F4-9BEA-6104B9FE446E}.Production|Mixed Platforms.ActiveCfg = Production|x86
		{8E266235-DCC5-43F4-9BEA-6104B9FE446E}.Production|Mixed Platforms.Build.0 = Production|x86
		{8E266235-DCC5-43F4-9BEA-6104B9FE446E}.Production|x86.ActiveCfg = Production|x86
		{8E266235-DCC5-43F4-9BEA-6104B9FE446E}.Production|x86.Build.0 = Production|x86
		{8E266235-DCC5-43F4-9BEA-6104B9FE446E}.Release|Any CPU.ActiveCfg = Local|x86
		{8E266235-DCC5-43F4-9BEA-6104B9FE446E}.Release|Any CPU.Build.0 = Local|x86
		{8E266235-DCC5-43F4-9BEA-6104B9FE446E}.Release|Mixed Platforms.ActiveCfg = Release|x86
		{8E266235-DCC5-43F4-9BEA-6104B9FE446E}.Release|Mixed Platforms.Build.0 = Release|x86
		{8E266235-DCC5-43F4-9BEA-6104B9FE446E}.Release|x86.ActiveCfg = Stage|x86
		{8E266235-DCC5-43F4-9BEA-6104B9FE446E}.Release|x86.Build.0 = Stage|x86
		{8E266235-DCC5-43F4-9BEA-6104B9FE446E}.Stage|Any CPU.ActiveCfg = Stage|x86
		{8E266235-DCC5-43F4-9BEA-6104B9FE446E}.Stage|Any CPU.Build.0 = Stage|x86
		{8E266235-DCC5-43F4-9BEA-6104B9FE446E}.Stage|Mixed Platforms.ActiveCfg = Stage|x86
		{8E266235-DCC5-43F4-9BEA-6104B9FE446E}.Stage|Mixed Platforms.Build.0 = Stage|x86
		{8E266235-DCC5-43F4-9BEA-6104B9FE446E}.Stage|x86.ActiveCfg = Stage|x86
		{8E266235-DCC5-43F4-9BEA-6104B9FE446E}.Stage|x86.Build.0 = Stage|x86
		{A9A9D8B2-AE30-4A93-B2D0-0FD26E18E1C0}.Debug|Any CPU.ActiveCfg = Debug|Any CPU
		{A9A9D8B2-AE30-4A93-B2D0-0FD26E18E1C0}.Debug|Any CPU.Build.0 = Debug|Any CPU
		{A9A9D8B2-AE30-4A93-B2D0-0FD26E18E1C0}.Debug|Mixed Platforms.ActiveCfg = Debug|Any CPU
		{A9A9D8B2-AE30-4A93-B2D0-0FD26E18E1C0}.Debug|Mixed Platforms.Build.0 = Debug|Any CPU
		{A9A9D8B2-AE30-4A93-B2D0-0FD26E18E1C0}.Debug|x86.ActiveCfg = Debug|Any CPU
		{A9A9D8B2-AE30-4A93-B2D0-0FD26E18E1C0}.Debug|x86.Build.0 = Debug|Any CPU
		{A9A9D8B2-AE30-4A93-B2D0-0FD26E18E1C0}.Local|Any CPU.ActiveCfg = Release|Any CPU
		{A9A9D8B2-AE30-4A93-B2D0-0FD26E18E1C0}.Local|Any CPU.Build.0 = Release|Any CPU
		{A9A9D8B2-AE30-4A93-B2D0-0FD26E18E1C0}.Local|Mixed Platforms.ActiveCfg = Release|Any CPU
		{A9A9D8B2-AE30-4A93-B2D0-0FD26E18E1C0}.Local|Mixed Platforms.Build.0 = Release|Any CPU
		{A9A9D8B2-AE30-4A93-B2D0-0FD26E18E1C0}.Local|x86.ActiveCfg = Release|Any CPU
		{A9A9D8B2-AE30-4A93-B2D0-0FD26E18E1C0}.Local|x86.Build.0 = Release|Any CPU
		{A9A9D8B2-AE30-4A93-B2D0-0FD26E18E1C0}.Production|Any CPU.ActiveCfg = Release|Any CPU
		{A9A9D8B2-AE30-4A93-B2D0-0FD26E18E1C0}.Production|Any CPU.Build.0 = Release|Any CPU
		{A9A9D8B2-AE30-4A93-B2D0-0FD26E18E1C0}.Production|Mixed Platforms.ActiveCfg = Release|Any CPU
		{A9A9D8B2-AE30-4A93-B2D0-0FD26E18E1C0}.Production|Mixed Platforms.Build.0 = Release|Any CPU
		{A9A9D8B2-AE30-4A93-B2D0-0FD26E18E1C0}.Production|x86.ActiveCfg = Release|Any CPU
		{A9A9D8B2-AE30-4A93-B2D0-0FD26E18E1C0}.Production|x86.Build.0 = Release|Any CPU
		{A9A9D8B2-AE30-4A93-B2D0-0FD26E18E1C0}.Release|Any CPU.ActiveCfg = Release|Any CPU
		{A9A9D8B2-AE30-4A93-B2D0-0FD26E18E1C0}.Release|Any CPU.Build.0 = Release|Any CPU
		{A9A9D8B2-AE30-4A93-B2D0-0FD26E18E1C0}.Release|Mixed Platforms.ActiveCfg = Release|Any CPU
		{A9A9D8B2-AE30-4A93-B2D0-0FD26E18E1C0}.Release|Mixed Platforms.Build.0 = Release|Any CPU
		{A9A9D8B2-AE30-4A93-B2D0-0FD26E18E1C0}.Release|x86.ActiveCfg = Release|Any CPU
		{A9A9D8B2-AE30-4A93-B2D0-0FD26E18E1C0}.Release|x86.Build.0 = Release|Any CPU
		{A9A9D8B2-AE30-4A93-B2D0-0FD26E18E1C0}.Stage|Any CPU.ActiveCfg = Release|Any CPU
		{A9A9D8B2-AE30-4A93-B2D0-0FD26E18E1C0}.Stage|Any CPU.Build.0 = Release|Any CPU
		{A9A9D8B2-AE30-4A93-B2D0-0FD26E18E1C0}.Stage|Mixed Platforms.ActiveCfg = Release|Any CPU
		{A9A9D8B2-AE30-4A93-B2D0-0FD26E18E1C0}.Stage|Mixed Platforms.Build.0 = Release|Any CPU
		{A9A9D8B2-AE30-4A93-B2D0-0FD26E18E1C0}.Stage|x86.ActiveCfg = Release|Any CPU
		{A9A9D8B2-AE30-4A93-B2D0-0FD26E18E1C0}.Stage|x86.Build.0 = Release|Any CPU
		{29848A98-3381-4D64-A613-D3B73ADAA4FA}.Debug|Any CPU.ActiveCfg = Debug|Any CPU
		{29848A98-3381-4D64-A613-D3B73ADAA4FA}.Debug|Any CPU.Build.0 = Debug|Any CPU
		{29848A98-3381-4D64-A613-D3B73ADAA4FA}.Debug|Mixed Platforms.ActiveCfg = Debug|Any CPU
		{29848A98-3381-4D64-A613-D3B73ADAA4FA}.Debug|Mixed Platforms.Build.0 = Debug|Any CPU
		{29848A98-3381-4D64-A613-D3B73ADAA4FA}.Debug|x86.ActiveCfg = Debug|Any CPU
		{29848A98-3381-4D64-A613-D3B73ADAA4FA}.Debug|x86.Build.0 = Debug|Any CPU
		{29848A98-3381-4D64-A613-D3B73ADAA4FA}.Local|Any CPU.ActiveCfg = Release|Any CPU
		{29848A98-3381-4D64-A613-D3B73ADAA4FA}.Local|Any CPU.Build.0 = Release|Any CPU
		{29848A98-3381-4D64-A613-D3B73ADAA4FA}.Local|Mixed Platforms.ActiveCfg = Release|Any CPU
		{29848A98-3381-4D64-A613-D3B73ADAA4FA}.Local|Mixed Platforms.Build.0 = Release|Any CPU
		{29848A98-3381-4D64-A613-D3B73ADAA4FA}.Local|x86.ActiveCfg = Release|Any CPU
		{29848A98-3381-4D64-A613-D3B73ADAA4FA}.Local|x86.Build.0 = Release|Any CPU
		{29848A98-3381-4D64-A613-D3B73ADAA4FA}.Production|Any CPU.ActiveCfg = Release|Any CPU
		{29848A98-3381-4D64-A613-D3B73ADAA4FA}.Production|Any CPU.Build.0 = Release|Any CPU
		{29848A98-3381-4D64-A613-D3B73ADAA4FA}.Production|Mixed Platforms.ActiveCfg = Release|Any CPU
		{29848A98-3381-4D64-A613-D3B73ADAA4FA}.Production|Mixed Platforms.Build.0 = Release|Any CPU
		{29848A98-3381-4D64-A613-D3B73ADAA4FA}.Production|x86.ActiveCfg = Release|Any CPU
		{29848A98-3381-4D64-A613-D3B73ADAA4FA}.Production|x86.Build.0 = Release|Any CPU
		{29848A98-3381-4D64-A613-D3B73ADAA4FA}.Release|Any CPU.ActiveCfg = Release|Any CPU
		{29848A98-3381-4D64-A613-D3B73ADAA4FA}.Release|Any CPU.Build.0 = Release|Any CPU
		{29848A98-3381-4D64-A613-D3B73ADAA4FA}.Release|Mixed Platforms.ActiveCfg = Release|Any CPU
		{29848A98-3381-4D64-A613-D3B73ADAA4FA}.Release|Mixed Platforms.Build.0 = Release|Any CPU
		{29848A98-3381-4D64-A613-D3B73ADAA4FA}.Release|x86.ActiveCfg = Release|Any CPU
		{29848A98-3381-4D64-A613-D3B73ADAA4FA}.Release|x86.Build.0 = Release|Any CPU
		{29848A98-3381-4D64-A613-D3B73ADAA4FA}.Stage|Any CPU.ActiveCfg = Release|Any CPU
		{29848A98-3381-4D64-A613-D3B73ADAA4FA}.Stage|Any CPU.Build.0 = Release|Any CPU
		{29848A98-3381-4D64-A613-D3B73ADAA4FA}.Stage|Mixed Platforms.ActiveCfg = Release|Any CPU
		{29848A98-3381-4D64-A613-D3B73ADAA4FA}.Stage|Mixed Platforms.Build.0 = Release|Any CPU
		{29848A98-3381-4D64-A613-D3B73ADAA4FA}.Stage|x86.ActiveCfg = Release|Any CPU
		{29848A98-3381-4D64-A613-D3B73ADAA4FA}.Stage|x86.Build.0 = Release|Any CPU
		{CF660034-7A02-4800-A232-2C2B8F670A83}.Debug|Any CPU.ActiveCfg = Debug|Any CPU
		{CF660034-7A02-4800-A232-2C2B8F670A83}.Debug|Any CPU.Build.0 = Debug|Any CPU
		{CF660034-7A02-4800-A232-2C2B8F670A83}.Debug|Mixed Platforms.ActiveCfg = Debug|Any CPU
		{CF660034-7A02-4800-A232-2C2B8F670A83}.Debug|Mixed Platforms.Build.0 = Debug|Any CPU
		{CF660034-7A02-4800-A232-2C2B8F670A83}.Debug|x86.ActiveCfg = Debug|Any CPU
		{CF660034-7A02-4800-A232-2C2B8F670A83}.Debug|x86.Build.0 = Debug|Any CPU
		{CF660034-7A02-4800-A232-2C2B8F670A83}.Local|Any CPU.ActiveCfg = Release|Any CPU
		{CF660034-7A02-4800-A232-2C2B8F670A83}.Local|Any CPU.Build.0 = Release|Any CPU
		{CF660034-7A02-4800-A232-2C2B8F670A83}.Local|Mixed Platforms.ActiveCfg = Release|Any CPU
		{CF660034-7A02-4800-A232-2C2B8F670A83}.Local|Mixed Platforms.Build.0 = Release|Any CPU
		{CF660034-7A02-4800-A232-2C2B8F670A83}.Local|x86.ActiveCfg = Release|Any CPU
		{CF660034-7A02-4800-A232-2C2B8F670A83}.Local|x86.Build.0 = Release|Any CPU
		{CF660034-7A02-4800-A232-2C2B8F670A83}.Production|Any CPU.ActiveCfg = Release|Any CPU
		{CF660034-7A02-4800-A232-2C2B8F670A83}.Production|Any CPU.Build.0 = Release|Any CPU
		{CF660034-7A02-4800-A232-2C2B8F670A83}.Production|Mixed Platforms.ActiveCfg = Release|Any CPU
		{CF660034-7A02-4800-A232-2C2B8F670A83}.Production|Mixed Platforms.Build.0 = Release|Any CPU
		{CF660034-7A02-4800-A232-2C2B8F670A83}.Production|x86.ActiveCfg = Release|Any CPU
		{CF660034-7A02-4800-A232-2C2B8F670A83}.Production|x86.Build.0 = Release|Any CPU
		{CF660034-7A02-4800-A232-2C2B8F670A83}.Release|Any CPU.ActiveCfg = Release|Any CPU
		{CF660034-7A02-4800-A232-2C2B8F670A83}.Release|Any CPU.Build.0 = Release|Any CPU
		{CF660034-7A02-4800-A232-2C2B8F670A83}.Release|Mixed Platforms.ActiveCfg = Release|Any CPU
		{CF660034-7A02-4800-A232-2C2B8F670A83}.Release|Mixed Platforms.Build.0 = Release|Any CPU
		{CF660034-7A02-4800-A232-2C2B8F670A83}.Release|x86.ActiveCfg = Release|Any CPU
		{CF660034-7A02-4800-A232-2C2B8F670A83}.Release|x86.Build.0 = Release|Any CPU
		{CF660034-7A02-4800-A232-2C2B8F670A83}.Stage|Any CPU.ActiveCfg = Release|Any CPU
		{CF660034-7A02-4800-A232-2C2B8F670A83}.Stage|Any CPU.Build.0 = Release|Any CPU
		{CF660034-7A02-4800-A232-2C2B8F670A83}.Stage|Mixed Platforms.ActiveCfg = Release|Any CPU
		{CF660034-7A02-4800-A232-2C2B8F670A83}.Stage|Mixed Platforms.Build.0 = Release|Any CPU
		{CF660034-7A02-4800-A232-2C2B8F670A83}.Stage|x86.ActiveCfg = Release|Any CPU
		{CF660034-7A02-4800-A232-2C2B8F670A83}.Stage|x86.Build.0 = Release|Any CPU
		{DBDB1761-5B74-4D2D-A240-381CFB0D05EF}.Debug|Any CPU.ActiveCfg = Debug|Any CPU
		{DBDB1761-5B74-4D2D-A240-381CFB0D05EF}.Debug|Any CPU.Build.0 = Debug|Any CPU
		{DBDB1761-5B74-4D2D-A240-381CFB0D05EF}.Debug|Mixed Platforms.ActiveCfg = Debug|Any CPU
		{DBDB1761-5B74-4D2D-A240-381CFB0D05EF}.Debug|Mixed Platforms.Build.0 = Debug|Any CPU
		{DBDB1761-5B74-4D2D-A240-381CFB0D05EF}.Debug|x86.ActiveCfg = Debug|Any CPU
		{DBDB1761-5B74-4D2D-A240-381CFB0D05EF}.Debug|x86.Build.0 = Debug|Any CPU
		{DBDB1761-5B74-4D2D-A240-381CFB0D05EF}.Local|Any CPU.ActiveCfg = Release|Any CPU
		{DBDB1761-5B74-4D2D-A240-381CFB0D05EF}.Local|Any CPU.Build.0 = Release|Any CPU
		{DBDB1761-5B74-4D2D-A240-381CFB0D05EF}.Local|Mixed Platforms.ActiveCfg = Release|Any CPU
		{DBDB1761-5B74-4D2D-A240-381CFB0D05EF}.Local|Mixed Platforms.Build.0 = Release|Any CPU
		{DBDB1761-5B74-4D2D-A240-381CFB0D05EF}.Local|x86.ActiveCfg = Release|Any CPU
		{DBDB1761-5B74-4D2D-A240-381CFB0D05EF}.Local|x86.Build.0 = Release|Any CPU
		{DBDB1761-5B74-4D2D-A240-381CFB0D05EF}.Production|Any CPU.ActiveCfg = Release|Any CPU
		{DBDB1761-5B74-4D2D-A240-381CFB0D05EF}.Production|Any CPU.Build.0 = Release|Any CPU
		{DBDB1761-5B74-4D2D-A240-381CFB0D05EF}.Production|Mixed Platforms.ActiveCfg = Release|Any CPU
		{DBDB1761-5B74-4D2D-A240-381CFB0D05EF}.Production|Mixed Platforms.Build.0 = Release|Any CPU
		{DBDB1761-5B74-4D2D-A240-381CFB0D05EF}.Production|x86.ActiveCfg = Release|Any CPU
		{DBDB1761-5B74-4D2D-A240-381CFB0D05EF}.Production|x86.Build.0 = Release|Any CPU
		{DBDB1761-5B74-4D2D-A240-381CFB0D05EF}.Release|Any CPU.ActiveCfg = Release|Any CPU
		{DBDB1761-5B74-4D2D-A240-381CFB0D05EF}.Release|Any CPU.Build.0 = Release|Any CPU
		{DBDB1761-5B74-4D2D-A240-381CFB0D05EF}.Release|Mixed Platforms.ActiveCfg = Release|Any CPU
		{DBDB1761-5B74-4D2D-A240-381CFB0D05EF}.Release|Mixed Platforms.Build.0 = Release|Any CPU
		{DBDB1761-5B74-4D2D-A240-381CFB0D05EF}.Release|x86.ActiveCfg = Release|Any CPU
		{DBDB1761-5B74-4D2D-A240-381CFB0D05EF}.Release|x86.Build.0 = Release|Any CPU
		{DBDB1761-5B74-4D2D-A240-381CFB0D05EF}.Stage|Any CPU.ActiveCfg = Release|Any CPU
		{DBDB1761-5B74-4D2D-A240-381CFB0D05EF}.Stage|Any CPU.Build.0 = Release|Any CPU
		{DBDB1761-5B74-4D2D-A240-381CFB0D05EF}.Stage|Mixed Platforms.ActiveCfg = Release|Any CPU
		{DBDB1761-5B74-4D2D-A240-381CFB0D05EF}.Stage|Mixed Platforms.Build.0 = Release|Any CPU
		{DBDB1761-5B74-4D2D-A240-381CFB0D05EF}.Stage|x86.ActiveCfg = Release|Any CPU
		{DBDB1761-5B74-4D2D-A240-381CFB0D05EF}.Stage|x86.Build.0 = Release|Any CPU
		{F0246C75-182B-4305-8649-C9185BF886E1}.Debug|Any CPU.ActiveCfg = Debug|Any CPU
		{F0246C75-182B-4305-8649-C9185BF886E1}.Debug|Any CPU.Build.0 = Debug|Any CPU
		{F0246C75-182B-4305-8649-C9185BF886E1}.Debug|Mixed Platforms.ActiveCfg = Debug|Any CPU
		{F0246C75-182B-4305-8649-C9185BF886E1}.Debug|Mixed Platforms.Build.0 = Debug|Any CPU
		{F0246C75-182B-4305-8649-C9185BF886E1}.Debug|x86.ActiveCfg = Debug|Any CPU
		{F0246C75-182B-4305-8649-C9185BF886E1}.Debug|x86.Build.0 = Debug|Any CPU
		{F0246C75-182B-4305-8649-C9185BF886E1}.Local|Any CPU.ActiveCfg = Release|Any CPU
		{F0246C75-182B-4305-8649-C9185BF886E1}.Local|Any CPU.Build.0 = Release|Any CPU
		{F0246C75-182B-4305-8649-C9185BF886E1}.Local|Mixed Platforms.ActiveCfg = Release|Any CPU
		{F0246C75-182B-4305-8649-C9185BF886E1}.Local|Mixed Platforms.Build.0 = Release|Any CPU
		{F0246C75-182B-4305-8649-C9185BF886E1}.Local|x86.ActiveCfg = Release|Any CPU
		{F0246C75-182B-4305-8649-C9185BF886E1}.Local|x86.Build.0 = Release|Any CPU
		{F0246C75-182B-4305-8649-C9185BF886E1}.Production|Any CPU.ActiveCfg = Release|Any CPU
		{F0246C75-182B-4305-8649-C9185BF886E1}.Production|Any CPU.Build.0 = Release|Any CPU
		{F0246C75-182B-4305-8649-C9185BF886E1}.Production|Mixed Platforms.ActiveCfg = Release|Any CPU
		{F0246C75-182B-4305-8649-C9185BF886E1}.Production|Mixed Platforms.Build.0 = Release|Any CPU
		{F0246C75-182B-4305-8649-C9185BF886E1}.Production|x86.ActiveCfg = Release|Any CPU
		{F0246C75-182B-4305-8649-C9185BF886E1}.Production|x86.Build.0 = Release|Any CPU
		{F0246C75-182B-4305-8649-C9185BF886E1}.Release|Any CPU.ActiveCfg = Release|Any CPU
		{F0246C75-182B-4305-8649-C9185BF886E1}.Release|Any CPU.Build.0 = Release|Any CPU
		{F0246C75-182B-4305-8649-C9185BF886E1}.Release|Mixed Platforms.ActiveCfg = Release|Any CPU
		{F0246C75-182B-4305-8649-C9185BF886E1}.Release|Mixed Platforms.Build.0 = Release|Any CPU
		{F0246C75-182B-4305-8649-C9185BF886E1}.Release|x86.ActiveCfg = Release|Any CPU
		{F0246C75-182B-4305-8649-C9185BF886E1}.Release|x86.Build.0 = Release|Any CPU
		{F0246C75-182B-4305-8649-C9185BF886E1}.Stage|Any CPU.ActiveCfg = Release|Any CPU
		{F0246C75-182B-4305-8649-C9185BF886E1}.Stage|Any CPU.Build.0 = Release|Any CPU
		{F0246C75-182B-4305-8649-C9185BF886E1}.Stage|Mixed Platforms.ActiveCfg = Release|Any CPU
		{F0246C75-182B-4305-8649-C9185BF886E1}.Stage|Mixed Platforms.Build.0 = Release|Any CPU
		{F0246C75-182B-4305-8649-C9185BF886E1}.Stage|x86.ActiveCfg = Release|Any CPU
		{F0246C75-182B-4305-8649-C9185BF886E1}.Stage|x86.Build.0 = Release|Any CPU
		{DC2EC3C9-DC4F-430A-BBA7-7F04B9C215EB}.Debug|Any CPU.ActiveCfg = Debug|Any CPU
		{DC2EC3C9-DC4F-430A-BBA7-7F04B9C215EB}.Debug|Any CPU.Build.0 = Debug|Any CPU
		{DC2EC3C9-DC4F-430A-BBA7-7F04B9C215EB}.Debug|Mixed Platforms.ActiveCfg = Debug|Any CPU
		{DC2EC3C9-DC4F-430A-BBA7-7F04B9C215EB}.Debug|Mixed Platforms.Build.0 = Debug|Any CPU
		{DC2EC3C9-DC4F-430A-BBA7-7F04B9C215EB}.Debug|x86.ActiveCfg = Debug|Any CPU
		{DC2EC3C9-DC4F-430A-BBA7-7F04B9C215EB}.Debug|x86.Build.0 = Debug|Any CPU
		{DC2EC3C9-DC4F-430A-BBA7-7F04B9C215EB}.Local|Any CPU.ActiveCfg = Release|Any CPU
		{DC2EC3C9-DC4F-430A-BBA7-7F04B9C215EB}.Local|Any CPU.Build.0 = Release|Any CPU
		{DC2EC3C9-DC4F-430A-BBA7-7F04B9C215EB}.Local|Mixed Platforms.ActiveCfg = Release|Any CPU
		{DC2EC3C9-DC4F-430A-BBA7-7F04B9C215EB}.Local|Mixed Platforms.Build.0 = Release|Any CPU
		{DC2EC3C9-DC4F-430A-BBA7-7F04B9C215EB}.Local|x86.ActiveCfg = Release|Any CPU
		{DC2EC3C9-DC4F-430A-BBA7-7F04B9C215EB}.Local|x86.Build.0 = Release|Any CPU
		{DC2EC3C9-DC4F-430A-BBA7-7F04B9C215EB}.Production|Any CPU.ActiveCfg = Release|Any CPU
		{DC2EC3C9-DC4F-430A-BBA7-7F04B9C215EB}.Production|Any CPU.Build.0 = Release|Any CPU
		{DC2EC3C9-DC4F-430A-BBA7-7F04B9C215EB}.Production|Mixed Platforms.ActiveCfg = Release|Any CPU
		{DC2EC3C9-DC4F-430A-BBA7-7F04B9C215EB}.Production|Mixed Platforms.Build.0 = Release|Any CPU
		{DC2EC3C9-DC4F-430A-BBA7-7F04B9C215EB}.Production|x86.ActiveCfg = Release|Any CPU
		{DC2EC3C9-DC4F-430A-BBA7-7F04B9C215EB}.Production|x86.Build.0 = Release|Any CPU
		{DC2EC3C9-DC4F-430A-BBA7-7F04B9C215EB}.Release|Any CPU.ActiveCfg = Release|Any CPU
		{DC2EC3C9-DC4F-430A-BBA7-7F04B9C215EB}.Release|Any CPU.Build.0 = Release|Any CPU
		{DC2EC3C9-DC4F-430A-BBA7-7F04B9C215EB}.Release|Mixed Platforms.ActiveCfg = Release|Any CPU
		{DC2EC3C9-DC4F-430A-BBA7-7F04B9C215EB}.Release|Mixed Platforms.Build.0 = Release|Any CPU
		{DC2EC3C9-DC4F-430A-BBA7-7F04B9C215EB}.Release|x86.ActiveCfg = Release|Any CPU
		{DC2EC3C9-DC4F-430A-BBA7-7F04B9C215EB}.Release|x86.Build.0 = Release|Any CPU
		{DC2EC3C9-DC4F-430A-BBA7-7F04B9C215EB}.Stage|Any CPU.ActiveCfg = Release|Any CPU
		{DC2EC3C9-DC4F-430A-BBA7-7F04B9C215EB}.Stage|Any CPU.Build.0 = Release|Any CPU
		{DC2EC3C9-DC4F-430A-BBA7-7F04B9C215EB}.Stage|Mixed Platforms.ActiveCfg = Release|Any CPU
		{DC2EC3C9-DC4F-430A-BBA7-7F04B9C215EB}.Stage|Mixed Platforms.Build.0 = Release|Any CPU
		{DC2EC3C9-DC4F-430A-BBA7-7F04B9C215EB}.Stage|x86.ActiveCfg = Release|Any CPU
		{DC2EC3C9-DC4F-430A-BBA7-7F04B9C215EB}.Stage|x86.Build.0 = Release|Any CPU
	EndGlobalSection
	GlobalSection(SolutionProperties) = preSolution
		HideSolutionNode = FALSE
	EndGlobalSection
	GlobalSection(NestedProjects) = preSolution
		{8E266235-DCC5-43F4-9BEA-6104B9FE446E} = {67DC78B3-6CE3-45F6-B48D-3FD696C716AB}
	EndGlobalSection
	GlobalSection(ExtensibilityGlobals) = postSolution
		SolutionGuid = {3DC52365-9084-41E6-A46A-85DA100DF359}
	EndGlobalSection
EndGlobal
